// !$*UTF8*$!
{
	archiveVersion = 1;
	classes = {
	};
	objectVersion = 55;
	objects = {

/* Begin PBXBuildFile section */
		DD886F4128FAFC6200F121A9 /* nassApp.swift in Sources */ = {isa = PBXBuildFile; fileRef = DD886F4028FAFC6200F121A9 /* nassApp.swift */; };
		DD886F4328FAFC6200F121A9 /* ContentView.swift in Sources */ = {isa = PBXBuildFile; fileRef = DD886F4228FAFC6200F121A9 /* ContentView.swift */; };
		DD886F4528FAFC6300F121A9 /* Assets.xcassets in Resources */ = {isa = PBXBuildFile; fileRef = DD886F4428FAFC6300F121A9 /* Assets.xcassets */; };
		DD886F5228FAFC6300F121A9 /* nassTests.swift in Sources */ = {isa = PBXBuildFile; fileRef = DD886F5128FAFC6300F121A9 /* nassTests.swift */; };
		F1E9BA9CDA087BBB578CFC06 /* Pods_nass.framework in Frameworks */ = {isa = PBXBuildFile; fileRef = 64E120B0C7CB3844318CFC10 /* Pods_nass.framework */; };
/* End PBXBuildFile section */

/* Begin PBXContainerItemProxy section */
		DD886F4E28FAFC6300F121A9 /* PBXContainerItemProxy */ = {
			isa = PBXContainerItemProxy;
			containerPortal = DD886F3528FAFC6200F121A9 /* Project object */;
			proxyType = 1;
			remoteGlobalIDString = DD886F3C28FAFC6200F121A9;
			remoteInfo = nass;
		};
/* End PBXContainerItemProxy section */

/* Begin PBXFileReference section */
		1B0D1CBA3082F9D13C1C73EE /* Pods-nass.release.xcconfig */ = {isa = PBXFileReference; includeInIndex = 1; lastKnownFileType = text.xcconfig; name = "Pods-nass.release.xcconfig"; path = "Target Support Files/Pods-nass/Pods-nass.release.xcconfig"; sourceTree = "<group>"; };
		64E120B0C7CB3844318CFC10 /* Pods_nass.framework */ = {isa = PBXFileReference; explicitFileType = wrapper.framework; includeInIndex = 0; path = Pods_nass.framework; sourceTree = BUILT_PRODUCTS_DIR; };
		8381DB9AECDE44B2D5F70478 /* Pods-nass.debug.xcconfig */ = {isa = PBXFileReference; includeInIndex = 1; lastKnownFileType = text.xcconfig; name = "Pods-nass.debug.xcconfig"; path = "Target Support Files/Pods-nass/Pods-nass.debug.xcconfig"; sourceTree = "<group>"; };
		DD886F3D28FAFC6200F121A9 /* nass.app */ = {isa = PBXFileReference; explicitFileType = wrapper.application; includeInIndex = 0; path = nass.app; sourceTree = BUILT_PRODUCTS_DIR; };
		DD886F4028FAFC6200F121A9 /* nassApp.swift */ = {isa = PBXFileReference; lastKnownFileType = sourcecode.swift; path = nassApp.swift; sourceTree = "<group>"; };
		DD886F4228FAFC6200F121A9 /* ContentView.swift */ = {isa = PBXFileReference; indentWidth = 2; lastKnownFileType = sourcecode.swift; path = ContentView.swift; sourceTree = "<group>"; tabWidth = 2; };
		DD886F4428FAFC6300F121A9 /* Assets.xcassets */ = {isa = PBXFileReference; lastKnownFileType = folder.assetcatalog; path = Assets.xcassets; sourceTree = "<group>"; };
		DD886F4D28FAFC6300F121A9 /* nassTests.xctest */ = {isa = PBXFileReference; explicitFileType = wrapper.cfbundle; includeInIndex = 0; path = nassTests.xctest; sourceTree = BUILT_PRODUCTS_DIR; };
		DD886F5128FAFC6300F121A9 /* nassTests.swift */ = {isa = PBXFileReference; lastKnownFileType = sourcecode.swift; path = nassTests.swift; sourceTree = "<group>"; };
/* End PBXFileReference section */

/* Begin PBXFrameworksBuildPhase section */
		DD886F3A28FAFC6200F121A9 /* Frameworks */ = {
			isa = PBXFrameworksBuildPhase;
			buildActionMask = 2147483647;
			files = (
				F1E9BA9CDA087BBB578CFC06 /* Pods_nass.framework in Frameworks */,
			);
			runOnlyForDeploymentPostprocessing = 0;
		};
		DD886F4A28FAFC6300F121A9 /* Frameworks */ = {
			isa = PBXFrameworksBuildPhase;
			buildActionMask = 2147483647;
			files = (
			);
			runOnlyForDeploymentPostprocessing = 0;
		};
/* End PBXFrameworksBuildPhase section */

/* Begin PBXGroup section */
		4588AD2B4B65CC61E41A5FCB /* Frameworks */ = {
			isa = PBXGroup;
			children = (
				64E120B0C7CB3844318CFC10 /* Pods_nass.framework */,
			);
			name = Frameworks;
			sourceTree = "<group>";
		};
		B9CD1445F0068AB485497837 /* Pods */ = {
			isa = PBXGroup;
			children = (
				8381DB9AECDE44B2D5F70478 /* Pods-nass.debug.xcconfig */,
				1B0D1CBA3082F9D13C1C73EE /* Pods-nass.release.xcconfig */,
			);
			path = Pods;
			sourceTree = "<group>";
		};
		DD886F3428FAFC6200F121A9 = {
			isa = PBXGroup;
			children = (
				DD886F3F28FAFC6200F121A9 /* client */,
				DD886F5028FAFC6300F121A9 /* nassTests */,
				DD886F3E28FAFC6200F121A9 /* Products */,
				B9CD1445F0068AB485497837 /* Pods */,
				4588AD2B4B65CC61E41A5FCB /* Frameworks */,
			);
			sourceTree = "<group>";
		};
		DD886F3E28FAFC6200F121A9 /* Products */ = {
			isa = PBXGroup;
			children = (
				DD886F3D28FAFC6200F121A9 /* nass.app */,
				DD886F4D28FAFC6300F121A9 /* nassTests.xctest */,
			);
			name = Products;
			sourceTree = "<group>";
		};
		DD886F3F28FAFC6200F121A9 /* client */ = {
			isa = PBXGroup;
			children = (
				DD886F4028FAFC6200F121A9 /* nassApp.swift */,
				DD886F4228FAFC6200F121A9 /* ContentView.swift */,
				DD886F4428FAFC6300F121A9 /* Assets.xcassets */,
			);
			path = client;
			sourceTree = "<group>";
		};
		DD886F5028FAFC6300F121A9 /* nassTests */ = {
			isa = PBXGroup;
			children = (
				DD886F5128FAFC6300F121A9 /* nassTests.swift */,
			);
			path = nassTests;
			sourceTree = "<group>";
		};
/* End PBXGroup section */

/* Begin PBXNativeTarget section */
		DD886F3C28FAFC6200F121A9 /* nass */ = {
			isa = PBXNativeTarget;
			buildConfigurationList = DD886F6128FAFC6300F121A9 /* Build configuration list for PBXNativeTarget "nass" */;
			buildPhases = (
				2A1369E6DDCA4A4F641C26E4 /* [CP] Check Pods Manifest.lock */,
				DD886F3928FAFC6200F121A9 /* Sources */,
				DD886F3A28FAFC6200F121A9 /* Frameworks */,
				DD886F3B28FAFC6200F121A9 /* Resources */,
			);
			buildRules = (
			);
			dependencies = (
			);
			name = nass;
			productName = nass;
			productReference = DD886F3D28FAFC6200F121A9 /* nass.app */;
			productType = "com.apple.product-type.application";
		};
		DD886F4C28FAFC6300F121A9 /* nassTests */ = {
			isa = PBXNativeTarget;
			buildConfigurationList = DD886F6428FAFC6300F121A9 /* Build configuration list for PBXNativeTarget "nassTests" */;
			buildPhases = (
				DD886F4928FAFC6300F121A9 /* Sources */,
				DD886F4A28FAFC6300F121A9 /* Frameworks */,
				DD886F4B28FAFC6300F121A9 /* Resources */,
			);
			buildRules = (
			);
			dependencies = (
				DD886F4F28FAFC6300F121A9 /* PBXTargetDependency */,
			);
			name = nassTests;
			productName = nassTests;
			productReference = DD886F4D28FAFC6300F121A9 /* nassTests.xctest */;
			productType = "com.apple.product-type.bundle.unit-test";
		};
/* End PBXNativeTarget section */

/* Begin PBXProject section */
		DD886F3528FAFC6200F121A9 /* Project object */ = {
			isa = PBXProject;
			attributes = {
				BuildIndependentTargetsInParallel = 1;
				LastSwiftUpdateCheck = 1400;
				LastUpgradeCheck = 1400;
				TargetAttributes = {
					DD886F3C28FAFC6200F121A9 = {
						CreatedOnToolsVersion = 14.0.1;
					};
					DD886F4C28FAFC6300F121A9 = {
						CreatedOnToolsVersion = 14.0.1;
						TestTargetID = DD886F3C28FAFC6200F121A9;
					};
				};
			};
			buildConfigurationList = DD886F3828FAFC6200F121A9 /* Build configuration list for PBXProject "nass" */;
			compatibilityVersion = "Xcode 13.0";
			developmentRegion = en;
			hasScannedForEncodings = 0;
			knownRegions = (
				en,
				Base,
			);
			mainGroup = DD886F3428FAFC6200F121A9;
			productRefGroup = DD886F3E28FAFC6200F121A9 /* Products */;
			projectDirPath = "";
			projectRoot = "";
			targets = (
				DD886F3C28FAFC6200F121A9 /* nass */,
				DD886F4C28FAFC6300F121A9 /* nassTests */,
			);
		};
/* End PBXProject section */

/* Begin PBXResourcesBuildPhase section */
		DD886F3B28FAFC6200F121A9 /* Resources */ = {
			isa = PBXResourcesBuildPhase;
			buildActionMask = 2147483647;
			files = (
				DD886F4528FAFC6300F121A9 /* Assets.xcassets in Resources */,
			);
			runOnlyForDeploymentPostprocessing = 0;
		};
		DD886F4B28FAFC6300F121A9 /* Resources */ = {
			isa = PBXResourcesBuildPhase;
			buildActionMask = 2147483647;
			files = (
			);
			runOnlyForDeploymentPostprocessing = 0;
		};
/* End PBXResourcesBuildPhase section */

/* Begin PBXShellScriptBuildPhase section */
		2A1369E6DDCA4A4F641C26E4 /* [CP] Check Pods Manifest.lock */ = {
			isa = PBXShellScriptBuildPhase;
			buildActionMask = 2147483647;
			files = (
			);
			inputFileListPaths = (
			);
			inputPaths = (
				"${PODS_PODFILE_DIR_PATH}/Podfile.lock",
				"${PODS_ROOT}/Manifest.lock",
			);
			name = "[CP] Check Pods Manifest.lock";
			outputFileListPaths = (
			);
			outputPaths = (
				"$(DERIVED_FILE_DIR)/Pods-nass-checkManifestLockResult.txt",
			);
			runOnlyForDeploymentPostprocessing = 0;
			shellPath = /bin/sh;
			shellScript = "diff \"${PODS_PODFILE_DIR_PATH}/Podfile.lock\" \"${PODS_ROOT}/Manifest.lock\" > /dev/null\nif [ $? != 0 ] ; then\n    # print error to STDERR\n    echo \"error: The sandbox is not in sync with the Podfile.lock. Run 'pod install' or update your CocoaPods installation.\" >&2\n    exit 1\nfi\n# This output is used by Xcode 'outputs' to avoid re-running this script phase.\necho \"SUCCESS\" > \"${SCRIPT_OUTPUT_FILE_0}\"\n";
			showEnvVarsInLog = 0;
		};
/* End PBXShellScriptBuildPhase section */

/* Begin PBXSourcesBuildPhase section */
		DD886F3928FAFC6200F121A9 /* Sources */ = {
			isa = PBXSourcesBuildPhase;
			buildActionMask = 2147483647;
			files = (
				DD886F4328FAFC6200F121A9 /* ContentView.swift in Sources */,
				DD886F4128FAFC6200F121A9 /* nassApp.swift in Sources */,
			);
			runOnlyForDeploymentPostprocessing = 0;
		};
		DD886F4928FAFC6300F121A9 /* Sources */ = {
			isa = PBXSourcesBuildPhase;
			buildActionMask = 2147483647;
			files = (
				DD886F5228FAFC6300F121A9 /* nassTests.swift in Sources */,
			);
			runOnlyForDeploymentPostprocessing = 0;
		};
/* End PBXSourcesBuildPhase section */

/* Begin PBXTargetDependency section */
		DD886F4F28FAFC6300F121A9 /* PBXTargetDependency */ = {
			isa = PBXTargetDependency;
			target = DD886F3C28FAFC6200F121A9 /* nass */;
			targetProxy = DD886F4E28FAFC6300F121A9 /* PBXContainerItemProxy */;
		};
/* End PBXTargetDependency section */

/* Begin XCBuildConfiguration section */
		DD886F5F28FAFC6300F121A9 /* Debug */ = {
			isa = XCBuildConfiguration;
			buildSettings = {
				ALWAYS_SEARCH_USER_PATHS = NO;
				CLANG_ANALYZER_NONNULL = YES;
				CLANG_ANALYZER_NUMBER_OBJECT_CONVERSION = YES_AGGRESSIVE;
				CLANG_CXX_LANGUAGE_STANDARD = "gnu++20";
				CLANG_ENABLE_MODULES = YES;
				CLANG_ENABLE_OBJC_ARC = YES;
				CLANG_ENABLE_OBJC_WEAK = YES;
				CLANG_WARN_BLOCK_CAPTURE_AUTORELEASING = YES;
				CLANG_WARN_BOOL_CONVERSION = YES;
				CLANG_WARN_COMMA = YES;
				CLANG_WARN_CONSTANT_CONVERSION = YES;
				CLANG_WARN_DEPRECATED_OBJC_IMPLEMENTATIONS = YES;
				CLANG_WARN_DIRECT_OBJC_ISA_USAGE = YES_ERROR;
				CLANG_WARN_DOCUMENTATION_COMMENTS = YES;
				CLANG_WARN_EMPTY_BODY = YES;
				CLANG_WARN_ENUM_CONVERSION = YES;
				CLANG_WARN_INFINITE_RECURSION = YES;
				CLANG_WARN_INT_CONVERSION = YES;
				CLANG_WARN_NON_LITERAL_NULL_CONVERSION = YES;
				CLANG_WARN_OBJC_IMPLICIT_RETAIN_SELF = YES;
				CLANG_WARN_OBJC_LITERAL_CONVERSION = YES;
				CLANG_WARN_OBJC_ROOT_CLASS = YES_ERROR;
				CLANG_WARN_QUOTED_INCLUDE_IN_FRAMEWORK_HEADER = YES;
				CLANG_WARN_RANGE_LOOP_ANALYSIS = YES;
				CLANG_WARN_STRICT_PROTOTYPES = YES;
				CLANG_WARN_SUSPICIOUS_MOVE = YES;
				CLANG_WARN_UNGUARDED_AVAILABILITY = YES_AGGRESSIVE;
				CLANG_WARN_UNREACHABLE_CODE = YES;
				CLANG_WARN__DUPLICATE_METHOD_MATCH = YES;
				COPY_PHASE_STRIP = NO;
				DEBUG_INFORMATION_FORMAT = dwarf;
				ENABLE_STRICT_OBJC_MSGSEND = YES;
				ENABLE_TESTABILITY = YES;
				GCC_C_LANGUAGE_STANDARD = gnu11;
				GCC_DYNAMIC_NO_PIC = NO;
				GCC_NO_COMMON_BLOCKS = YES;
				GCC_OPTIMIZATION_LEVEL = 0;
				GCC_PREPROCESSOR_DEFINITIONS = (
					"DEBUG=1",
					"$(inherited)",
				);
				GCC_WARN_64_TO_32_BIT_CONVERSION = YES;
				GCC_WARN_ABOUT_RETURN_TYPE = YES_ERROR;
				GCC_WARN_UNDECLARED_SELECTOR = YES;
				GCC_WARN_UNINITIALIZED_AUTOS = YES_AGGRESSIVE;
				GCC_WARN_UNUSED_FUNCTION = YES;
				GCC_WARN_UNUSED_VARIABLE = YES;
				IPHONEOS_DEPLOYMENT_TARGET = 14.0;
				MTL_ENABLE_DEBUG_INFO = INCLUDE_SOURCE;
				MTL_FAST_MATH = YES;
				ONLY_ACTIVE_ARCH = YES;
				SDKROOT = iphoneos;
				SWIFT_ACTIVE_COMPILATION_CONDITIONS = DEBUG;
				SWIFT_OPTIMIZATION_LEVEL = "-Onone";
			};
			name = Debug;
		};
		DD886F6028FAFC6300F121A9 /* Release */ = {
			isa = XCBuildConfiguration;
			buildSettings = {
				ALWAYS_SEARCH_USER_PATHS = NO;
				CLANG_ANALYZER_NONNULL = YES;
				CLANG_ANALYZER_NUMBER_OBJECT_CONVERSION = YES_AGGRESSIVE;
				CLANG_CXX_LANGUAGE_STANDARD = "gnu++20";
				CLANG_ENABLE_MODULES = YES;
				CLANG_ENABLE_OBJC_ARC = YES;
				CLANG_ENABLE_OBJC_WEAK = YES;
				CLANG_WARN_BLOCK_CAPTURE_AUTORELEASING = YES;
				CLANG_WARN_BOOL_CONVERSION = YES;
				CLANG_WARN_COMMA = YES;
				CLANG_WARN_CONSTANT_CONVERSION = YES;
				CLANG_WARN_DEPRECATED_OBJC_IMPLEMENTATIONS = YES;
				CLANG_WARN_DIRECT_OBJC_ISA_USAGE = YES_ERROR;
				CLANG_WARN_DOCUMENTATION_COMMENTS = YES;
				CLANG_WARN_EMPTY_BODY = YES;
				CLANG_WARN_ENUM_CONVERSION = YES;
				CLANG_WARN_INFINITE_RECURSION = YES;
				CLANG_WARN_INT_CONVERSION = YES;
				CLANG_WARN_NON_LITERAL_NULL_CONVERSION = YES;
				CLANG_WARN_OBJC_IMPLICIT_RETAIN_SELF = YES;
				CLANG_WARN_OBJC_LITERAL_CONVERSION = YES;
				CLANG_WARN_OBJC_ROOT_CLASS = YES_ERROR;
				CLANG_WARN_QUOTED_INCLUDE_IN_FRAMEWORK_HEADER = YES;
				CLANG_WARN_RANGE_LOOP_ANALYSIS = YES;
				CLANG_WARN_STRICT_PROTOTYPES = YES;
				CLANG_WARN_SUSPICIOUS_MOVE = YES;
				CLANG_WARN_UNGUARDED_AVAILABILITY = YES_AGGRESSIVE;
				CLANG_WARN_UNREACHABLE_CODE = YES;
				CLANG_WARN__DUPLICATE_METHOD_MATCH = YES;
				COPY_PHASE_STRIP = NO;
				DEBUG_INFORMATION_FORMAT = "dwarf-with-dsym";
				ENABLE_NS_ASSERTIONS = NO;
				ENABLE_STRICT_OBJC_MSGSEND = YES;
				GCC_C_LANGUAGE_STANDARD = gnu11;
				GCC_NO_COMMON_BLOCKS = YES;
				GCC_WARN_64_TO_32_BIT_CONVERSION = YES;
				GCC_WARN_ABOUT_RETURN_TYPE = YES_ERROR;
				GCC_WARN_UNDECLARED_SELECTOR = YES;
				GCC_WARN_UNINITIALIZED_AUTOS = YES_AGGRESSIVE;
				GCC_WARN_UNUSED_FUNCTION = YES;
				GCC_WARN_UNUSED_VARIABLE = YES;
				IPHONEOS_DEPLOYMENT_TARGET = 14.0;
				MTL_ENABLE_DEBUG_INFO = NO;
				MTL_FAST_MATH = YES;
				SDKROOT = iphoneos;
				SWIFT_COMPILATION_MODE = wholemodule;
				SWIFT_OPTIMIZATION_LEVEL = "-O";
				VALIDATE_PRODUCT = YES;
			};
			name = Release;
		};
		DD886F6228FAFC6300F121A9 /* Debug */ = {
			isa = XCBuildConfiguration;
			baseConfigurationReference = 8381DB9AECDE44B2D5F70478 /* Pods-nass.debug.xcconfig */;
			buildSettings = {
				ASSETCATALOG_COMPILER_APPICON_NAME = AppIcon;
				ASSETCATALOG_COMPILER_GLOBAL_ACCENT_COLOR_NAME = AccentColor;
				CODE_SIGN_STYLE = Automatic;
				CURRENT_PROJECT_VERSION = 1;
				DEVELOPMENT_ASSET_PATHS = client/Preview;
				DEVELOPMENT_TEAM = R394CK45KY;
				ENABLE_PREVIEWS = YES;
				GENERATE_INFOPLIST_FILE = YES;
				INFOPLIST_KEY_LSApplicationCategoryType = "public.app-category.utilities";
				INFOPLIST_KEY_UIApplicationSceneManifest_Generation = YES;
				INFOPLIST_KEY_UIApplicationSupportsIndirectInputEvents = YES;
				INFOPLIST_KEY_UILaunchScreen_Generation = YES;
				INFOPLIST_KEY_UISupportedInterfaceOrientations = UIInterfaceOrientationPortrait;
				INFOPLIST_KEY_UISupportedInterfaceOrientations_iPad = "UIInterfaceOrientationLandscapeLeft UIInterfaceOrientationLandscapeRight UIInterfaceOrientationPortrait UIInterfaceOrientationPortraitUpsideDown";
				IPHONEOS_DEPLOYMENT_TARGET = 14.0;
				LD_RUNPATH_SEARCH_PATHS = (
					"$(inherited)",
					"@executable_path/Frameworks",
				);
				MARKETING_VERSION = 1.0;
				PRODUCT_BUNDLE_IDENTIFIER = kafva.nass;
				PRODUCT_NAME = "$(TARGET_NAME)";
				SUPPORTED_PLATFORMS = "iphoneos iphonesimulator";
				SUPPORTS_MACCATALYST = NO;
				SUPPORTS_MAC_DESIGNED_FOR_IPHONE_IPAD = NO;
				SWIFT_EMIT_LOC_STRINGS = YES;
				SWIFT_VERSION = 5.0;
				TARGETED_DEVICE_FAMILY = 1;
			};
			name = Debug;
		};
		DD886F6328FAFC6300F121A9 /* Release */ = {
			isa = XCBuildConfiguration;
			baseConfigurationReference = 1B0D1CBA3082F9D13C1C73EE /* Pods-nass.release.xcconfig */;
			buildSettings = {
				ASSETCATALOG_COMPILER_APPICON_NAME = AppIcon;
				ASSETCATALOG_COMPILER_GLOBAL_ACCENT_COLOR_NAME = AccentColor;
				CODE_SIGN_STYLE = Automatic;
				CURRENT_PROJECT_VERSION = 1;
				DEVELOPMENT_ASSET_PATHS = client/Preview;
				DEVELOPMENT_TEAM = R394CK45KY;
				ENABLE_PREVIEWS = YES;
				GENERATE_INFOPLIST_FILE = YES;
				INFOPLIST_KEY_LSApplicationCategoryType = "public.app-category.utilities";
				INFOPLIST_KEY_UIApplicationSceneManifest_Generation = YES;
				INFOPLIST_KEY_UIApplicationSupportsIndirectInputEvents = YES;
				INFOPLIST_KEY_UILaunchScreen_Generation = YES;
				INFOPLIST_KEY_UISupportedInterfaceOrientations = UIInterfaceOrientationPortrait;
				INFOPLIST_KEY_UISupportedInterfaceOrientations_iPad = "UIInterfaceOrientationLandscapeLeft UIInterfaceOrientationLandscapeRight UIInterfaceOrientationPortrait UIInterfaceOrientationPortraitUpsideDown";
				IPHONEOS_DEPLOYMENT_TARGET = 14.0;
				LD_RUNPATH_SEARCH_PATHS = (
					"$(inherited)",
					"@executable_path/Frameworks",
				);
				MARKETING_VERSION = 1.0;
				PRODUCT_BUNDLE_IDENTIFIER = kafva.nass;
				PRODUCT_NAME = "$(TARGET_NAME)";
				SUPPORTED_PLATFORMS = "iphoneos iphonesimulator";
				SUPPORTS_MACCATALYST = NO;
				SUPPORTS_MAC_DESIGNED_FOR_IPHONE_IPAD = NO;
				SWIFT_EMIT_LOC_STRINGS = YES;
				SWIFT_VERSION = 5.0;
				TARGETED_DEVICE_FAMILY = 1;
			};
			name = Release;
		};
		DD886F6528FAFC6300F121A9 /* Debug */ = {
			isa = XCBuildConfiguration;
			buildSettings = {
				ALWAYS_EMBED_SWIFT_STANDARD_LIBRARIES = YES;
				BUNDLE_LOADER = "$(TEST_HOST)";
				CODE_SIGN_STYLE = Automatic;
				CURRENT_PROJECT_VERSION = 1;
				DEVELOPMENT_TEAM = R394CK45KY;
				GENERATE_INFOPLIST_FILE = YES;
				IPHONEOS_DEPLOYMENT_TARGET = 14.0;
				MARKETING_VERSION = 1.0;
				PRODUCT_BUNDLE_IDENTIFIER = kafva.nassTests;
				PRODUCT_NAME = "$(TARGET_NAME)";
				SUPPORTED_PLATFORMS = "iphoneos iphonesimulator";
				SUPPORTS_MACCATALYST = NO;
				SUPPORTS_MAC_DESIGNED_FOR_IPHONE_IPAD = NO;
				SWIFT_EMIT_LOC_STRINGS = NO;
				SWIFT_VERSION = 5.0;
				TARGETED_DEVICE_FAMILY = 1;
				TEST_HOST = "$(BUILT_PRODUCTS_DIR)/nass.app/$(BUNDLE_EXECUTABLE_FOLDER_PATH)/nass";
			};
			name = Debug;
		};
		DD886F6628FAFC6300F121A9 /* Release */ = {
			isa = XCBuildConfiguration;
			buildSettings = {
				ALWAYS_EMBED_SWIFT_STANDARD_LIBRARIES = YES;
				BUNDLE_LOADER = "$(TEST_HOST)";
				CODE_SIGN_STYLE = Automatic;
				CURRENT_PROJECT_VERSION = 1;
				DEVELOPMENT_TEAM = R394CK45KY;
				GENERATE_INFOPLIST_FILE = YES;
				IPHONEOS_DEPLOYMENT_TARGET = 14.0;
				MARKETING_VERSION = 1.0;
				PRODUCT_BUNDLE_IDENTIFIER = kafva.nassTests;
				PRODUCT_NAME = "$(TARGET_NAME)";
				SUPPORTED_PLATFORMS = "iphoneos iphonesimulator";
				SUPPORTS_MACCATALYST = NO;
				SUPPORTS_MAC_DESIGNED_FOR_IPHONE_IPAD = NO;
				SWIFT_EMIT_LOC_STRINGS = NO;
				SWIFT_VERSION = 5.0;
				TARGETED_DEVICE_FAMILY = 1;
				TEST_HOST = "$(BUILT_PRODUCTS_DIR)/nass.app/$(BUNDLE_EXECUTABLE_FOLDER_PATH)/nass";
			};
			name = Release;
		};
/* End XCBuildConfiguration section */

/* Begin XCConfigurationList section */
		DD886F3828FAFC6200F121A9 /* Build configuration list for PBXProject "nass" */ = {
			isa = XCConfigurationList;
			buildConfigurations = (
				DD886F5F28FAFC6300F121A9 /* Debug */,
				DD886F6028FAFC6300F121A9 /* Release */,
			);
			defaultConfigurationIsVisible = 0;
			defaultConfigurationName = Release;
		};
		DD886F6128FAFC6300F121A9 /* Build configuration list for PBXNativeTarget "nass" */ = {
			isa = XCConfigurationList;
			buildConfigurations = (
				DD886F6228FAFC6300F121A9 /* Debug */,
				DD886F6328FAFC6300F121A9 /* Release */,
			);
			defaultConfigurationIsVisible = 0;
			defaultConfigurationName = Release;
		};
		DD886F6428FAFC6300F121A9 /* Build configuration list for PBXNativeTarget "nassTests" */ = {
			isa = XCConfigurationList;
			buildConfigurations = (
				DD886F6528FAFC6300F121A9 /* Debug */,
				DD886F6628FAFC6300F121A9 /* Release */,
			);
			defaultConfigurationIsVisible = 0;
			defaultConfigurationName = Release;
		};
/* End XCConfigurationList section */
	};
	rootObject = DD886F3528FAFC6200F121A9 /* Project object */;
}
